github.com/brutella/hc v0.1.0 h1:e04zuiEToKTGfdIP9U4osDKjfKU9p1clPn/7H+YM05A=
github.com/brutella/hc v0.1.0/go.mod h1:fbCz9eq0X1a+UKHQUkfRqACPz1ot6DjbS0CyOi4GayI=
github.com/davecgh/go-spew v1.1.1/go.mod h1:J7Y8YcW2NihsgmVo/mv3lAwl/skON4iLHjSsI+c5H38=
github.com/dlclark/regexp2 v1.1.6 h1:CqB4MjHw0MFCDj+PHHjiESmHX+N7t0tJzKvC6M97BRg=
github.com/dlclark/regexp2 v1.1.6/go.mod h1:2pZnwuY/m+8K6iRw6wQdMtk+rH5tNGR1i55kozfMjCc=
github.com/dop251/goja v0.0.0-20181125163413-2dd08a5fc665 h1:/1OIh/nMDmfEuL2HW9TUqCf6+p0mj4xIeHHsL+Zo0i8=
github.com/dop251/goja v0.0.0-20181125163413-2dd08a5fc665/go.mod h1:Mw6PkjjMXWbTj+nnj4s3QPXq1jaT0s5pC0iFD4+BOAA=
github.com/eclipse/paho.mqtt.golang v1.1.1 h1:iPJYXJLaViCshRTW/PSqImSS6HJ2Rf671WR0bXZ2GIU=
github.com/eclipse/paho.mqtt.golang v1.1.1/go.mod h1:H9keYFcgq3Qr5OUJm/JZI/i6U7joQ8SYLhZwfeOo6Ts=
github.com/go-sourcemap/sourcemap v2.1.2+incompatible h1:0b/xya7BKGhXuqFESKM4oIiRo9WOt2ebz7KxfreD6ug=
github.com/go-sourcemap/sourcemap v2.1.2+incompatible/go.mod h1:F8jJfvm2KbVjc5NqelyYJmf/v5J0dwNLS2mL4sNA1Jg=
github.com/gosexy/to v0.0.0-20141221203644-c20e083e3123 h1:6Q7VB4v0aEgIE6BtsbJhEH0KgFE0f+FHAxXePQp9Klc=
github.com/gosexy/to v0.0.0-20141221203644-c20e083e3123/go.mod h1:oQuuq9ZkoRpy+2mhINlY3ZrwgywR77yPXmFpP6vCr/w=
github.com/gosimple/slug v1.4.1 h1:h29PRcKc8dPN//lJ9Ib6EKP50kG5AmpJ0yRjn7ksY/8=
github.com/gosimple/slug v1.4.1/go.mod h1:ER78kgg1Mv0NQGlXiDe57DpCyfbNywXXZ9mIorhxAf0=
github.com/hashicorp/hcl v1.0.0 h1:0Anlzjpi4vEasTeNFn2mLJgTSwt0+6sfsiTG8qcWGx4=
github.com/hashicorp/hcl v1.0.0/go.mod h1:E5yfLk+7swimpb2L/Alb/PJmXilQ/rhwaUYs4T20WEQ=
github.com/orktes/goja v0.0.0-20180113170533-de745b3ac56f h1:SJIDCQlkMs6D3imCAzqtKvE7pWZ6XO72nemqpIguDrI=
github.com/orktes/goja v0.0.0-20180113170533-de745b3ac56f/go.mod h1:H+z6ZRyqaxJP/ZbufGrdwjjp2/BpbCWm/1Iw3I92FAQ=
github.com/orktes/homeautomation v0.0.0-20180206162224-48d368a3fe9c h1:QcjU2nMIhIZQSqM/e7f+BfHVnMNrc8RoC42H58cCJp4=
github.com/orktes/homeautomation v0.0.0-20180206162224-48d368a3fe9c/go.mod h1:GJlUn/PzOWWYq5YXghlu7n6YjkDDFOQ6psmZp08050c=
github.com/rainycape/unidecode v0.0.0-20150907023854-cb7f23ec59be h1:ta7tUOvsPHVHGom5hKW5VXNc2xZIkfCKP8iaqOyYtUQ=
github.com/rainycape/unidecode v0.0.0-20150907023854-cb7f23ec59be/go.mod h1:MIDFMn7db1kT65GmV94GzpX9Qdi7N/pQlwb+AN8wh+Q=
golang.org/x/net v0.0.0-20181207154023-610586996380 h1:zPQexyRtNYBc7bcHmehl1dH6TB3qn8zytv8cBGLDNY0=
golang.org/x/net v0.0.0-20181207154023-610586996380/go.mod h1:mL1N/T3taQHkDXs73rZJwtUhF3w3ftmwwsq0BUmARs4=
golang.org/x/text v0.3.0 h1:g61tztE5qeGQ89tm6NTjjM9VPIm088od1l6aSorWRWg=
golang.org/x/text v0.3.0/go.mod h1:NqM8EUOU14njkJ3fqMW+pc6Ldnwhi/IjpwHt7yyuwOQ=
